// !$*UTF8*$!
{
	archiveVersion = 1;
	classes = {
	};
	objectVersion = 46;
	objects = {

/* Begin PBXBuildFile section */
		59EB509D1F80343A00A3D36B /* AppDelegate.swift in Sources */ = {isa = PBXBuildFile; fileRef = 59EB509C1F80343A00A3D36B /* AppDelegate.swift */; };
		59EB509F1F80343A00A3D36B /* ViewController.swift in Sources */ = {isa = PBXBuildFile; fileRef = 59EB509E1F80343A00A3D36B /* ViewController.swift */; };
		59EB50A21F80343A00A3D36B /* Main.storyboard in Resources */ = {isa = PBXBuildFile; fileRef = 59EB50A01F80343A00A3D36B /* Main.storyboard */; };
		59EB50A41F80343A00A3D36B /* Assets.xcassets in Resources */ = {isa = PBXBuildFile; fileRef = 59EB50A31F80343A00A3D36B /* Assets.xcassets */; };
		59EB50A71F80343A00A3D36B /* LaunchScreen.storyboard in Resources */ = {isa = PBXBuildFile; fileRef = 59EB50A51F80343A00A3D36B /* LaunchScreen.storyboard */; };
/* End PBXBuildFile section */

/* Begin PBXFileReference section */
		59EB50991F80343A00A3D36B /* DiceRoll.app */ = {isa = PBXFileReference; explicitFileType = wrapper.application; includeInIndex = 0; path = DiceRoll.app; sourceTree = BUILT_PRODUCTS_DIR; };
		59EB509C1F80343A00A3D36B /* AppDelegate.swift */ = {isa = PBXFileReference; lastKnownFileType = sourcecode.swift; path = AppDelegate.swift; sourceTree = "<group>"; };
		59EB509E1F80343A00A3D36B /* ViewController.swift */ = {isa = PBXFileReference; lastKnownFileType = sourcecode.swift; path = ViewController.swift; sourceTree = "<group>"; };
		59EB50A11F80343A00A3D36B /* Base */ = {isa = PBXFileReference; lastKnownFileType = file.storyboard; name = Base; path = Base.lproj/Main.storyboard; sourceTree = "<group>"; };
		59EB50A31F80343A00A3D36B /* Assets.xcassets */ = {isa = PBXFileReference; lastKnownFileType = folder.assetcatalog; path = Assets.xcassets; sourceTree = "<group>"; };
		59EB50A61F80343A00A3D36B /* Base */ = {isa = PBXFileReference; lastKnownFileType = file.storyboard; name = Base; path = Base.lproj/LaunchScreen.storyboard; sourceTree = "<group>"; };
		59EB50A81F80343A00A3D36B /* Info.plist */ = {isa = PBXFileReference; lastKnownFileType = text.plist.xml; path = Info.plist; sourceTree = "<group>"; };
/* End PBXFileReference section */

/* Begin PBXFrameworksBuildPhase section */
		59EB50961F80343A00A3D36B /* Frameworks */ = {
			isa = PBXFrameworksBuildPhase;
			buildActionMask = 2147483647;
			files = (
			);
			runOnlyForDeploymentPostprocessing = 0;
		};
/* End PBXFrameworksBuildPhase section */

/* Begin PBXGroup section */
		59EB50901F80343A00A3D36B = {
			isa = PBXGroup;
			children = (
				59EB509B1F80343A00A3D36B /* DiceRoll */,
				59EB509A1F80343A00A3D36B /* Products */,
			);
			sourceTree = "<group>";
		};
		59EB509A1F80343A00A3D36B /* Products */ = {
			isa = PBXGroup;
			children = (
				59EB50991F80343A00A3D36B /* DiceRoll.app */,
			);
			name = Products;
			sourceTree = "<group>";
		};
		59EB509B1F80343A00A3D36B /* DiceRoll */ = {
			isa = PBXGroup;
			children = (
				59EB509C1F80343A00A3D36B /* AppDelegate.swift */,
				59EB509E1F80343A00A3D36B /* ViewController.swift */,
				59EB50A01F80343A00A3D36B /* Main.storyboard */,
				59EB50A31F80343A00A3D36B /* Assets.xcassets */,
				59EB50A51F80343A00A3D36B /* LaunchScreen.storyboard */,
				59EB50A81F80343A00A3D36B /* Info.plist */,
			);
			path = DiceRoll;
			sourceTree = "<group>";
		};
/* End PBXGroup section */

/* Begin PBXNativeTarget section */
		59EB50981F80343A00A3D36B /* DiceRoll */ = {
			isa = PBXNativeTarget;
			buildConfigurationList = 59EB50AB1F80343A00A3D36B /* Build configuration list for PBXNativeTarget "DiceRoll" */;
			buildPhases = (
				59EB50951F80343A00A3D36B /* Sources */,
				59EB50961F80343A00A3D36B /* Frameworks */,
				59EB50971F80343A00A3D36B /* Resources */,
			);
			buildRules = (
			);
			dependencies = (
			);
			name = DiceRoll;
			productName = DiceRoll;
			productReference = 59EB50991F80343A00A3D36B /* DiceRoll.app */;
			productType = "com.apple.product-type.application";
		};
/* End PBXNativeTarget section */

/* Begin PBXProject section */
		59EB50911F80343A00A3D36B /* Project object */ = {
			isa = PBXProject;
			attributes = {
				LastSwiftUpdateCheck = 0830;
				LastUpgradeCheck = 0830;
				ORGANIZATIONNAME = "Gabriel Chapel";
				TargetAttributes = {
					59EB50981F80343A00A3D36B = {
						CreatedOnToolsVersion = 8.3.3;
						DevelopmentTeam = EUA5JP44JY;
						ProvisioningStyle = Automatic;
					};
				};
			};
			buildConfigurationList = 59EB50941F80343A00A3D36B /* Build configuration list for PBXProject "DiceRoll" */;
			compatibilityVersion = "Xcode 3.2";
			developmentRegion = English;
			hasScannedForEncodings = 0;
			knownRegions = (
				en,
				Base,
			);
			mainGroup = 59EB50901F80343A00A3D36B;
			productRefGroup = 59EB509A1F80343A00A3D36B /* Products */;
			projectDirPath = "";
			projectRoot = "";
			targets = (
				59EB50981F80343A00A3D36B /* DiceRoll */,
			);
		};
/* End PBXProject section */

/* Begin PBXResourcesBuildPhase section */
		59EB50971F80343A00A3D36B /* Resources */ = {
			isa = PBXResourcesBuildPhase;
			buildActionMask = 2147483647;
			files = (
				59EB50A71F80343A00A3D36B /* LaunchScreen.storyboard in Resources */,
				59EB50A41F80343A00A3D36B /* Assets.xcassets in Resources */,
				59EB50A21F80343A00A3D36B /* Main.storyboard in Resources */,
			);
			runOnlyForDeploymentPostprocessing = 0;
		};
/* End PBXResourcesBuildPhase section */

/* Begin PBXSourcesBuildPhase section */
		59EB50951F80343A00A3D36B /* Sources */ = {
			isa = PBXSourcesBuildPhase;
			buildActionMask = 2147483647;
			files = (
				59EB509F1F80343A00A3D36B /* ViewController.swift in Sources */,
				59EB509D1F80343A00A3D36B /* AppDelegate.swift in Sources */,
			);
			runOnlyForDeploymentPostprocessing = 0;
		};
/* End PBXSourcesBuildPhase section */

/* Begin PBXVariantGroup section */
		59EB50A01F80343A00A3D36B /* Main.storyboard */ = {
			isa = PBXVariantGroup;
			children = (
				59EB50A11F80343A00A3D36B /* Base */,
			);
			name = Main.storyboard;
			sourceTree = "<group>";
		};
		59EB50A51F80343A00A3D36B /* LaunchScreen.storyboard */ = {
			isa = PBXVariantGroup;
			children = (
				59EB50A61F80343A00A3D36B /* Base */,
			);
			name = LaunchScreen.storyboard;
			sourceTree = "<group>";
		};
/* End PBXVariantGroup section */

/* Begin XCBuildConfiguration section */
		59EB50A91F80343A00A3D36B /* Debug */ = {
			isa = XCBuildConfiguration;
			buildSettings = {
				ALWAYS_SEARCH_USER_PATHS = NO;
				CLANG_ANALYZER_NONNULL = YES;
				CLANG_ANALYZER_NUMBER_OBJECT_CONVERSION = YES_AGGRESSIVE;
				CLANG_CXX_LANGUAGE_STANDARD = "gnu++0x";
				CLANG_CXX_LIBRARY = "libc++";
				CLANG_ENABLE_MODULES = YES;
				CLANG_ENABLE_OBJC_ARC = YES;
				CLANG_WARN_BOOL_CONVERSION = YES;
				CLANG_WARN_CONSTANT_CONVERSION = YES;
				CLANG_WARN_DIRECT_OBJC_ISA_USAGE = YES_ERROR;
				CLANG_WARN_DOCUMENTATION_COMMENTS = YES;
				CLANG_WARN_EMPTY_BODY = YES;
				CLANG_WARN_ENUM_CONVERSION = YES;
				CLANG_WARN_INFINITE_RECURSION = YES;
				CLANG_WARN_INT_CONVERSION = YES;
				CLANG_WARN_OBJC_ROOT_CLASS = YES_ERROR;
				CLANG_WARN_SUSPICIOUS_MOVE = YES;
				CLANG_WARN_UNREACHABLE_CODE = YES;
				CLANG_WARN__DUPLICATE_METHOD_MATCH = YES;
				"CODE_SIGN_IDENTITY[sdk=iphoneos*]" = "iPhone Developer";
				COPY_PHASE_STRIP = NO;
				DEBUG_INFORMATION_FORMAT = dwarf;
				ENABLE_STRICT_OBJC_MSGSEND = YES;
				ENABLE_TESTABILITY = YES;
				GCC_C_LANGUAGE_STANDARD = gnu99;
				GCC_DYNAMIC_NO_PIC = NO;
				GCC_NO_COMMON_BLOCKS = YES;
				GCC_OPTIMIZATION_LEVEL = 0;
				GCC_PREPROCESSOR_DEFINITIONS = (
					"DEBUG=1",
					"$(inherited)",
				);
				GCC_WARN_64_TO_32_BIT_CONVERSION = YES;
				GCC_WARN_ABOUT_RETURN_TYPE = YES_ERROR;
				GCC_WARN_UNDECLARED_SELECTOR = YES;
				GCC_WARN_UNINITIALIZED_AUTOS = YES_AGGRESSIVE;
				GCC_WARN_UNUSED_FUNCTION = YES;
				GCC_WARN_UNUSED_VARIABLE = YES;
				IPHONEOS_DEPLOYMENT_TARGET = 10.3;
				MTL_ENABLE_DEBUG_INFO = YES;
				ONLY_ACTIVE_ARCH = YES;
				SDKROOT = iphoneos;
				SWIFT_ACTIVE_COMPILATION_CONDITIONS = DEBUG;
				SWIFT_OPTIMIZATION_LEVEL = "-Onone";
				TARGETED_DEVICE_FAMILY = "1,2";
			};
			name = Debug;
		};
		59EB50AA1F80343A00A3D36B /* Release */ = {
			isa = XCBuildConfiguration;
			buildSettings = {
				ALWAYS_SEARCH_USER_PATHS = NO;
				CLANG_ANALYZER_NONNULL = YES;
				CLANG_ANALYZER_NUMBER_OBJECT_CONVERSION = YES_AGGRESSIVE;
				CLANG_CXX_LANGUAGE_STANDARD = "gnu++0x";
				CLANG_CXX_LIBRARY = "libc++";
				CLANG_ENABLE_MODULES = YES;
				CLANG_ENABLE_OBJC_ARC = YES;
				CLANG_WARN_BOOL_CONVERSION = YES;
				CLANG_WARN_CONSTANT_CONVERSION = YES;
				CLANG_WARN_DIRECT_OBJC_ISA_USAGE = YES_ERROR;
				CLANG_WARN_DOCUMENTATION_COMMENTS = YES;
				CLANG_WARN_EMPTY_BODY = YES;
				CLANG_WARN_ENUM_CONVERSION = YES;
				CLANG_WARN_INFINITE_RECURSION = YES;
				CLANG_WARN_INT_CONVERSION = YES;
				CLANG_WARN_OBJC_ROOT_CLASS = YES_ERROR;
				CLANG_WARN_SUSPICIOUS_MOVE = YES;
				CLANG_WARN_UNREACHABLE_CODE = YES;
				CLANG_WARN__DUPLICATE_METHOD_MATCH = YES;
				"CODE_SIGN_IDENTITY[sdk=iphoneos*]" = "iPhone Developer";
				COPY_PHASE_STRIP = NO;
				DEBUG_INFORMATION_FORMAT = "dwarf-with-dsym";
				ENABLE_NS_ASSERTIONS = NO;
				ENABLE_STRICT_OBJC_MSGSEND = YES;
				GCC_C_LANGUAGE_STANDARD = gnu99;
				GCC_NO_COMMON_BLOCKS = YES;
				GCC_WARN_64_TO_32_BIT_CONVERSION = YES;
				GCC_WARN_ABOUT_RETURN_TYPE = YES_ERROR;
				GCC_WARN_UNDECLARED_SELECTOR = YES;
				GCC_WARN_UNINITIALIZED_AUTOS = YES_AGGRESSIVE;
				GCC_WARN_UNUSED_FUNCTION = YES;
				GCC_WARN_UNUSED_VARIABLE = YES;
				IPHONEOS_DEPLOYMENT_TARGET = 10.3;
				MTL_ENABLE_DEBUG_INFO = NO;
				SDKROOT = iphoneos;
				SWIFT_OPTIMIZATION_LEVEL = "-Owholemodule";
				TARGETED_DEVICE_FAMILY = "1,2";
				VALIDATE_PRODUCT = YES;
			};
			name = Release;
		};
		59EB50AC1F80343A00A3D36B /* Debug */ = {
			isa = XCBuildConfiguration;
			buildSettings = {
				ASSETCATALOG_COMPILER_APPICON_NAME = AppIcon;
				DEVELOPMENT_TEAM = EUA5JP44JY;
				INFOPLIST_FILE = DiceRoll/Info.plist;
				LD_RUNPATH_SEARCH_PATHS = "$(inherited) @executable_path/Frameworks";
				PRODUCT_BUNDLE_IDENTIFIER = ATLAS.DiceRoll;
				PRODUCT_NAME = "$(TARGET_NAME)";
				SWIFT_VERSION = 3.0;
			};
			name = Debug;
		};
		59EB50AD1F80343A00A3D36B /* Release */ = {
			isa = XCBuildConfiguration;
			buildSettings = {
				ASSETCATALOG_COMPILER_APPICON_NAME = AppIcon;
				DEVELOPMENT_TEAM = EUA5JP44JY;
				INFOPLIST_FILE = DiceRoll/Info.plist;
				LD_RUNPATH_SEARCH_PATHS = "$(inherited) @executable_path/Frameworks";
				PRODUCT_BUNDLE_IDENTIFIER = ATLAS.DiceRoll;
				PRODUCT_NAME = "$(TARGET_NAME)";
				SWIFT_VERSION = 3.0;
			};
			name = Release;
		};
/* End XCBuildConfiguration section */

/* Begin XCConfigurationList section */
		59EB50941F80343A00A3D36B /* Build configuration list for PBXProject "DiceRoll" */ = {
			isa = XCConfigurationList;
			buildConfigurations = (
				59EB50A91F80343A00A3D36B /* Debug */,
				59EB50AA1F80343A00A3D36B /* Release */,
			);
			defaultConfigurationIsVisible = 0;
			defaultConfigurationName = Release;
		};
		59EB50AB1F80343A00A3D36B /* Build configuration list for PBXNativeTarget "DiceRoll" */ = {
			isa = XCConfigurationList;
			buildConfigurations = (
				59EB50AC1F80343A00A3D36B /* Debug */,
				59EB50AD1F80343A00A3D36B /* Release */,
			);
			defaultConfigurationIsVisible = 0;
		};
/* End XCConfigurationList section */
	};
	rootObject = 59EB50911F80343A00A3D36B /* Project object */;
}
